
Microsoft Visual Studio Solution File, Format Version 12.00
# Visual Studio Version 17
VisualStudioVersion = 17.11.35327.3
MinimumVisualStudioVersion = 10.0.40219.1
Project("{9A19103F-16F7-4668-BE54-9A1E7A4F7556}") = "Message.Kafka.Consumer", "Message.Kafka.Consumer\Message.Kafka.Consumer.csproj", "{07DC79C7-3AC6-432B-B1F0-5096098ECB20}"
EndProject
Project("{9A19103F-16F7-4668-BE54-9A1E7A4F7556}") = "Message.Kafka.Consumer.Domain", "Message.Kafka.Consumer.Domain\Message.Kafka.Consumer.Domain.csproj", "{ABDAADE5-F795-4493-BEE1-CD79064CC57C}"
EndProject
Project("{9A19103F-16F7-4668-BE54-9A1E7A4F7556}") = "Message.Kafka.Consumer.Infrastructure", "Message.Kafka.Consumer.Infrastructure\Message.Kafka.Consumer.Infrastructure.csproj", "{145F0A6D-A8A3-44DC-9304-B3D756B519A1}"
EndProject
Global
	GlobalSection(SolutionConfigurationPlatforms) = preSolution
		Debug|Any CPU = Debug|Any CPU
		Release|Any CPU = Release|Any CPU
	EndGlobalSection
	GlobalSection(ProjectConfigurationPlatforms) = postSolution
		{07DC79C7-3AC6-432B-B1F0-5096098ECB20}.Debug|Any CPU.ActiveCfg = Debug|Any CPU
		{07DC79C7-3AC6-432B-B1F0-5096098ECB20}.Debug|Any CPU.Build.0 = Debug|Any CPU
		{07DC79C7-3AC6-432B-B1F0-5096098ECB20}.Release|Any CPU.ActiveCfg = Release|Any CPU
		{07DC79C7-3AC6-432B-B1F0-5096098ECB20}.Release|Any CPU.Build.0 = Release|Any CPU
		{ABDAADE5-F795-4493-BEE1-CD79064CC57C}.Debug|Any CPU.ActiveCfg = Debug|Any CPU
		{ABDAADE5-F795-4493-BEE1-CD79064CC57C}.Debug|Any CPU.Build.0 = Debug|Any CPU
		{ABDAADE5-F795-4493-BEE1-CD79064CC57C}.Release|Any CPU.ActiveCfg = Release|Any CPU
		{ABDAADE5-F795-4493-BEE1-CD79064CC57C}.Release|Any CPU.Build.0 = Release|Any CPU
		{145F0A6D-A8A3-44DC-9304-B3D756B519A1}.Debug|Any CPU.ActiveCfg = Debug|Any CPU
		{145F0A6D-A8A3-44DC-9304-B3D756B519A1}.Debug|Any CPU.Build.0 = Debug|Any CPU
		{145F0A6D-A8A3-44DC-9304-B3D756B519A1}.Release|Any CPU.ActiveCfg = Release|Any CPU
		{145F0A6D-A8A3-44DC-9304-B3D756B519A1}.Release|Any CPU.Build.0 = Release|Any CPU
	EndGlobalSection
	GlobalSection(SolutionProperties) = preSolution
		HideSolutionNode = FALSE
	EndGlobalSection
	GlobalSection(ExtensibilityGlobals) = postSolution
		SolutionGuid = {4E3F3D80-E239-4FA0-8C45-AB9AD06E3EC3}
	EndGlobalSection
EndGlobal
